
Microsoft Visual Studio Solution File, Format Version 12.00
# Visual Studio Version 16
VisualStudioVersion = 16.0.30114.105
MinimumVisualStudioVersion = 10.0.40219.1
Project("{FAE04EC0-301F-11D3-BF4B-00C04F79EFBC}") = "Anagrams", "Anagrams\Anagrams.csproj", "{F074D27E-8799-4575-B9F3-29E6CDE9B052}"
EndProject
Project("{FAE04EC0-301F-11D3-BF4B-00C04F79EFBC}") = "Test", "Test\Test.csproj", "{D2390450-AE63-460F-9A13-E7A9FA7E3665}"
EndProject
Global
	GlobalSection(SolutionConfigurationPlatforms) = preSolution
		Debug|Any CPU = Debug|Any CPU
		Debug|x64 = Debug|x64
		Debug|x86 = Debug|x86
		Release|Any CPU = Release|Any CPU
		Release|x64 = Release|x64
		Release|x86 = Release|x86
	EndGlobalSection
	GlobalSection(SolutionProperties) = preSolution
		HideSolutionNode = FALSE
	EndGlobalSection
	GlobalSection(ProjectConfigurationPlatforms) = postSolution
		{F074D27E-8799-4575-B9F3-29E6CDE9B052}.Debug|Any CPU.ActiveCfg = Debug|Any CPU
		{F074D27E-8799-4575-B9F3-29E6CDE9B052}.Debug|Any CPU.Build.0 = Debug|Any CPU
		{F074D27E-8799-4575-B9F3-29E6CDE9B052}.Debug|x64.ActiveCfg = Debug|Any CPU
		{F074D27E-8799-4575-B9F3-29E6CDE9B052}.Debug|x64.Build.0 = Debug|Any CPU
		{F074D27E-8799-4575-B9F3-29E6CDE9B052}.Debug|x86.ActiveCfg = Debug|Any CPU
		{F074D27E-8799-4575-B9F3-29E6CDE9B052}.Debug|x86.Build.0 = Debug|Any CPU
		{F074D27E-8799-4575-B9F3-29E6CDE9B052}.Release|Any CPU.ActiveCfg = Release|Any CPU
		{F074D27E-8799-4575-B9F3-29E6CDE9B052}.Release|Any CPU.Build.0 = Release|Any CPU
		{F074D27E-8799-4575-B9F3-29E6CDE9B052}.Release|x64.ActiveCfg = Release|Any CPU
		{F074D27E-8799-4575-B9F3-29E6CDE9B052}.Release|x64.Build.0 = Release|Any CPU
		{F074D27E-8799-4575-B9F3-29E6CDE9B052}.Release|x86.ActiveCfg = Release|Any CPU
		{F074D27E-8799-4575-B9F3-29E6CDE9B052}.Release|x86.Build.0 = Release|Any CPU
		{D2390450-AE63-460F-9A13-E7A9FA7E3665}.Debug|Any CPU.ActiveCfg = Debug|Any CPU
		{D2390450-AE63-460F-9A13-E7A9FA7E3665}.Debug|Any CPU.Build.0 = Debug|Any CPU
		{D2390450-AE63-460F-9A13-E7A9FA7E3665}.Debug|x64.ActiveCfg = Debug|Any CPU
		{D2390450-AE63-460F-9A13-E7A9FA7E3665}.Debug|x64.Build.0 = Debug|Any CPU
		{D2390450-AE63-460F-9A13-E7A9FA7E3665}.Debug|x86.ActiveCfg = Debug|Any CPU
		{D2390450-AE63-460F-9A13-E7A9FA7E3665}.Debug|x86.Build.0 = Debug|Any CPU
		{D2390450-AE63-460F-9A13-E7A9FA7E3665}.Release|Any CPU.ActiveCfg = Release|Any CPU
		{D2390450-AE63-460F-9A13-E7A9FA7E3665}.Release|Any CPU.Build.0 = Release|Any CPU
		{D2390450-AE63-460F-9A13-E7A9FA7E3665}.Release|x64.ActiveCfg = Release|Any CPU
		{D2390450-AE63-460F-9A13-E7A9FA7E3665}.Release|x64.Build.0 = Release|Any CPU
		{D2390450-AE63-460F-9A13-E7A9FA7E3665}.Release|x86.ActiveCfg = Release|Any CPU
		{D2390450-AE63-460F-9A13-E7A9FA7E3665}.Release|x86.Build.0 = Release|Any CPU
	EndGlobalSection
EndGlobal
